Microsoft Visual Studio Solution File, Format Version 12.00
# Visual Studio Version 17
VisualStudioVersion = 17.9.34616.47
MinimumVisualStudioVersion = 10.0.40219.1
Project("{9A19103F-16F7-4668-BE54-9A1E7A4F7556}") = "Cinemate.API", "Cinemate.API\Cinemate.API.csproj", "{B8847B8B-3F91-411E-9C39-7E3F9C2092FE}"
EndProject
Project("{9A19103F-16F7-4668-BE54-9A1E7A4F7556}") = "Cinemate.Web", "Cinemate.Web\Cinemate.Web.csproj", "{10CCB972-1282-4B03-8135-DB8D698B81C7}"
EndProject
Project("{9A19103F-16F7-4668-BE54-9A1E7A4F7556}") = "Cinemate.Models", "Cinemate.Models\Cinemate.Models.csproj", "{691CE16A-0286-4674-83ED-37E6C0B3C02C}"
EndProject
Project("{9A19103F-16F7-4668-BE54-9A1E7A4F7556}") = "Cinemate.EmailSender", "Cinemate.EmailSender\Cinemate.EmailSender.csproj", "{1E03F684-B234-4EED-BC74-DFC235A4C9E7}"
EndProject
Project("{FAE04EC0-301F-11D3-BF4B-00C04F79EFBC}") = "Cinemate.API.Tests", "Cinemate.API.Tests\Cinemate.API.Tests.csproj", "{3BB93344-1E08-4973-A92C-B4F28E228402}"
EndProject
Project("{FAE04EC0-301F-11D3-BF4B-00C04F79EFBC}") = "Cinemate.EmailSender.Tests", "Cinemate.EmailSender.Tests\Cinemate.EmailSender.Tests.csproj", "{72F72333-A7E3-4C2A-A31F-9705930D5AFB}"
EndProject
Project("{FAE04EC0-301F-11D3-BF4B-00C04F79EFBC}") = "Cinemate.Web.Tests", "Cinemate.Web.Tests\Cinemate.Web.Tests.csproj", "{A4D26ADC-A287-4809-A1F3-D1F748CE5797}"
EndProject
Global
	GlobalSection(SolutionConfigurationPlatforms) = preSolution
		Debug|Any CPU = Debug|Any CPU
		Release|Any CPU = Release|Any CPU
	EndGlobalSection
	GlobalSection(ProjectConfigurationPlatforms) = postSolution
		{B8847B8B-3F91-411E-9C39-7E3F9C2092FE}.Debug|Any CPU.ActiveCfg = Debug|Any CPU
		{B8847B8B-3F91-411E-9C39-7E3F9C2092FE}.Debug|Any CPU.Build.0 = Debug|Any CPU
		{B8847B8B-3F91-411E-9C39-7E3F9C2092FE}.Release|Any CPU.ActiveCfg = Release|Any CPU
		{B8847B8B-3F91-411E-9C39-7E3F9C2092FE}.Release|Any CPU.Build.0 = Release|Any CPU
		{10CCB972-1282-4B03-8135-DB8D698B81C7}.Debug|Any CPU.ActiveCfg = Debug|Any CPU
		{10CCB972-1282-4B03-8135-DB8D698B81C7}.Debug|Any CPU.Build.0 = Debug|Any CPU
		{10CCB972-1282-4B03-8135-DB8D698B81C7}.Release|Any CPU.ActiveCfg = Release|Any CPU
		{10CCB972-1282-4B03-8135-DB8D698B81C7}.Release|Any CPU.Build.0 = Release|Any CPU
		{691CE16A-0286-4674-83ED-37E6C0B3C02C}.Debug|Any CPU.ActiveCfg = Debug|Any CPU
		{691CE16A-0286-4674-83ED-37E6C0B3C02C}.Debug|Any CPU.Build.0 = Debug|Any CPU
		{691CE16A-0286-4674-83ED-37E6C0B3C02C}.Release|Any CPU.ActiveCfg = Release|Any CPU
		{691CE16A-0286-4674-83ED-37E6C0B3C02C}.Release|Any CPU.Build.0 = Release|Any CPU
		{1E03F684-B234-4EED-BC74-DFC235A4C9E7}.Debug|Any CPU.ActiveCfg = Debug|Any CPU
		{1E03F684-B234-4EED-BC74-DFC235A4C9E7}.Debug|Any CPU.Build.0 = Debug|Any CPU
		{1E03F684-B234-4EED-BC74-DFC235A4C9E7}.Release|Any CPU.ActiveCfg = Release|Any CPU
		{1E03F684-B234-4EED-BC74-DFC235A4C9E7}.Release|Any CPU.Build.0 = Release|Any CPU
		{3BB93344-1E08-4973-A92C-B4F28E228402}.Debug|Any CPU.ActiveCfg = Debug|Any CPU
		{3BB93344-1E08-4973-A92C-B4F28E228402}.Debug|Any CPU.Build.0 = Debug|Any CPU
		{3BB93344-1E08-4973-A92C-B4F28E228402}.Release|Any CPU.ActiveCfg = Release|Any CPU
		{3BB93344-1E08-4973-A92C-B4F28E228402}.Release|Any CPU.Build.0 = Release|Any CPU
		{72F72333-A7E3-4C2A-A31F-9705930D5AFB}.Debug|Any CPU.ActiveCfg = Debug|Any CPU
		{72F72333-A7E3-4C2A-A31F-9705930D5AFB}.Debug|Any CPU.Build.0 = Debug|Any CPU
		{72F72333-A7E3-4C2A-A31F-9705930D5AFB}.Release|Any CPU.ActiveCfg = Release|Any CPU
		{72F72333-A7E3-4C2A-A31F-9705930D5AFB}.Release|Any CPU.Build.0 = Release|Any CPU
		{A4D26ADC-A287-4809-A1F3-D1F748CE5797}.Debug|Any CPU.ActiveCfg = Debug|Any CPU
		{A4D26ADC-A287-4809-A1F3-D1F748CE5797}.Debug|Any CPU.Build.0 = Debug|Any CPU
		{A4D26ADC-A287-4809-A1F3-D1F748CE5797}.Release|Any CPU.ActiveCfg = Release|Any CPU
		{A4D26ADC-A287-4809-A1F3-D1F748CE5797}.Release|Any CPU.Build.0 = Release|Any CPU
	EndGlobalSection
	GlobalSection(SolutionProperties) = preSolution
		HideSolutionNode = FALSE
	EndGlobalSection
	GlobalSection(ExtensibilityGlobals) = postSolution
		SolutionGuid = {AD27D876-D7AB-4273-95F4-41AC07C07B1B}
	EndGlobalSection
EndGlobal
